
Microsoft Visual Studio Solution File, Format Version 12.00
# Visual Studio Version 16
VisualStudioVersion = 16.0.29806.167
MinimumVisualStudioVersion = 10.0.40219.1
Project("{FAE04EC0-301F-11D3-BF4B-00C04F79EFBC}") = "IOTMobileApp.Android", "IOTMobileApp\IOTMobileApp.Android\IOTMobileApp.Android.csproj", "{0C345FDA-38A9-4DA3-AD29-2680F819C1BC}"
EndProject
Project("{FAE04EC0-301F-11D3-BF4B-00C04F79EFBC}") = "IOTMobileApp.iOS", "IOTMobileApp\IOTMobileApp.iOS\IOTMobileApp.iOS.csproj", "{7FF9B400-75D4-4461-B6F0-B6EE8C95E1DB}"
EndProject
Project("{FAE04EC0-301F-11D3-BF4B-00C04F79EFBC}") = "IOTMobileApp", "IOTMobileApp\IOTMobileApp\IOTMobileApp.csproj", "{305AABBC-C4FE-4F3A-937E-E470F1EB6A92}"
EndProject
Global
	GlobalSection(SolutionConfigurationPlatforms) = preSolution
		Debug|Any CPU = Debug|Any CPU
		Debug|iPhone = Debug|iPhone
		Debug|iPhoneSimulator = Debug|iPhoneSimulator
		Release|Any CPU = Release|Any CPU
		Release|iPhone = Release|iPhone
		Release|iPhoneSimulator = Release|iPhoneSimulator
	EndGlobalSection
	GlobalSection(ProjectConfigurationPlatforms) = postSolution
		{0C345FDA-38A9-4DA3-AD29-2680F819C1BC}.Debug|Any CPU.ActiveCfg = Debug|Any CPU
		{0C345FDA-38A9-4DA3-AD29-2680F819C1BC}.Debug|Any CPU.Build.0 = Debug|Any CPU
		{0C345FDA-38A9-4DA3-AD29-2680F819C1BC}.Debug|Any CPU.Deploy.0 = Debug|Any CPU
		{0C345FDA-38A9-4DA3-AD29-2680F819C1BC}.Debug|iPhone.ActiveCfg = Debug|Any CPU
		{0C345FDA-38A9-4DA3-AD29-2680F819C1BC}.Debug|iPhone.Build.0 = Debug|Any CPU
		{0C345FDA-38A9-4DA3-AD29-2680F819C1BC}.Debug|iPhone.Deploy.0 = Debug|Any CPU
		{0C345FDA-38A9-4DA3-AD29-2680F819C1BC}.Debug|iPhoneSimulator.ActiveCfg = Debug|Any CPU
		{0C345FDA-38A9-4DA3-AD29-2680F819C1BC}.Debug|iPhoneSimulator.Build.0 = Debug|Any CPU
		{0C345FDA-38A9-4DA3-AD29-2680F819C1BC}.Debug|iPhoneSimulator.Deploy.0 = Debug|Any CPU
		{0C345FDA-38A9-4DA3-AD29-2680F819C1BC}.Release|Any CPU.ActiveCfg = Release|Any CPU
		{0C345FDA-38A9-4DA3-AD29-2680F819C1BC}.Release|Any CPU.Build.0 = Release|Any CPU
		{0C345FDA-38A9-4DA3-AD29-2680F819C1BC}.Release|Any CPU.Deploy.0 = Release|Any CPU
		{0C345FDA-38A9-4DA3-AD29-2680F819C1BC}.Release|iPhone.ActiveCfg = Release|Any CPU
		{0C345FDA-38A9-4DA3-AD29-2680F819C1BC}.Release|iPhone.Build.0 = Release|Any CPU
		{0C345FDA-38A9-4DA3-AD29-2680F819C1BC}.Release|iPhone.Deploy.0 = Release|Any CPU
		{0C345FDA-38A9-4DA3-AD29-2680F819C1BC}.Release|iPhoneSimulator.ActiveCfg = Release|Any CPU
		{0C345FDA-38A9-4DA3-AD29-2680F819C1BC}.Release|iPhoneSimulator.Build.0 = Release|Any CPU
		{0C345FDA-38A9-4DA3-AD29-2680F819C1BC}.Release|iPhoneSimulator.Deploy.0 = Release|Any CPU
		{7FF9B400-75D4-4461-B6F0-B6EE8C95E1DB}.Debug|Any CPU.ActiveCfg = Debug|iPhoneSimulator
		{7FF9B400-75D4-4461-B6F0-B6EE8C95E1DB}.Debug|Any CPU.Build.0 = Debug|iPhoneSimulator
		{7FF9B400-75D4-4461-B6F0-B6EE8C95E1DB}.Debug|Any CPU.Deploy.0 = Debug|iPhoneSimulator
		{7FF9B400-75D4-4461-B6F0-B6EE8C95E1DB}.Debug|iPhone.ActiveCfg = Debug|iPhone
		{7FF9B400-75D4-4461-B6F0-B6EE8C95E1DB}.Debug|iPhone.Build.0 = Debug|iPhone
		{7FF9B400-75D4-4461-B6F0-B6EE8C95E1DB}.Debug|iPhone.Deploy.0 = Debug|iPhone
		{7FF9B400-75D4-4461-B6F0-B6EE8C95E1DB}.Debug|iPhoneSimulator.ActiveCfg = Debug|iPhoneSimulator
		{7FF9B400-75D4-4461-B6F0-B6EE8C95E1DB}.Debug|iPhoneSimulator.Build.0 = Debug|iPhoneSimulator
		{7FF9B400-75D4-4461-B6F0-B6EE8C95E1DB}.Debug|iPhoneSimulator.Deploy.0 = Debug|iPhoneSimulator
		{7FF9B400-75D4-4461-B6F0-B6EE8C95E1DB}.Release|Any CPU.ActiveCfg = Release|iPhone
		{7FF9B400-75D4-4461-B6F0-B6EE8C95E1DB}.Release|Any CPU.Build.0 = Release|iPhone
		{7FF9B400-75D4-4461-B6F0-B6EE8C95E1DB}.Release|Any CPU.Deploy.0 = Release|iPhone
		{7FF9B400-75D4-4461-B6F0-B6EE8C95E1DB}.Release|iPhone.ActiveCfg = Release|iPhone
		{7FF9B400-75D4-4461-B6F0-B6EE8C95E1DB}.Release|iPhone.Build.0 = Release|iPhone
		{7FF9B400-75D4-4461-B6F0-B6EE8C95E1DB}.Release|iPhone.Deploy.0 = Release|iPhone
		{7FF9B400-75D4-4461-B6F0-B6EE8C95E1DB}.Release|iPhoneSimulator.ActiveCfg = Release|iPhoneSimulator
		{7FF9B400-75D4-4461-B6F0-B6EE8C95E1DB}.Release|iPhoneSimulator.Build.0 = Release|iPhoneSimulator
		{7FF9B400-75D4-4461-B6F0-B6EE8C95E1DB}.Release|iPhoneSimulator.Deploy.0 = Release|iPhoneSimulator
		{305AABBC-C4FE-4F3A-937E-E470F1EB6A92}.Debug|Any CPU.ActiveCfg = Debug|Any CPU
		{305AABBC-C4FE-4F3A-937E-E470F1EB6A92}.Debug|Any CPU.Build.0 = Debug|Any CPU
		{305AABBC-C4FE-4F3A-937E-E470F1EB6A92}.Debug|Any CPU.Deploy.0 = Debug|Any CPU
		{305AABBC-C4FE-4F3A-937E-E470F1EB6A92}.Debug|iPhone.ActiveCfg = Debug|Any CPU
		{305AABBC-C4FE-4F3A-937E-E470F1EB6A92}.Debug|iPhone.Build.0 = Debug|Any CPU
		{305AABBC-C4FE-4F3A-937E-E470F1EB6A92}.Debug|iPhone.Deploy.0 = Debug|Any CPU
		{305AABBC-C4FE-4F3A-937E-E470F1EB6A92}.Debug|iPhoneSimulator.ActiveCfg = Debug|Any CPU
		{305AABBC-C4FE-4F3A-937E-E470F1EB6A92}.Debug|iPhoneSimulator.Build.0 = Debug|Any CPU
		{305AABBC-C4FE-4F3A-937E-E470F1EB6A92}.Debug|iPhoneSimulator.Deploy.0 = Debug|Any CPU
		{305AABBC-C4FE-4F3A-937E-E470F1EB6A92}.Release|Any CPU.ActiveCfg = Release|Any CPU
		{305AABBC-C4FE-4F3A-937E-E470F1EB6A92}.Release|Any CPU.Build.0 = Release|Any CPU
		{305AABBC-C4FE-4F3A-937E-E470F1EB6A92}.Release|Any CPU.Deploy.0 = Release|Any CPU
		{305AABBC-C4FE-4F3A-937E-E470F1EB6A92}.Release|iPhone.ActiveCfg = Release|Any CPU
		{305AABBC-C4FE-4F3A-937E-E470F1EB6A92}.Release|iPhone.Build.0 = Release|Any CPU
		{305AABBC-C4FE-4F3A-937E-E470F1EB6A92}.Release|iPhone.Deploy.0 = Release|Any CPU
		{305AABBC-C4FE-4F3A-937E-E470F1EB6A92}.Release|iPhoneSimulator.ActiveCfg = Release|Any CPU
		{305AABBC-C4FE-4F3A-937E-E470F1EB6A92}.Release|iPhoneSimulator.Build.0 = Release|Any CPU
		{305AABBC-C4FE-4F3A-937E-E470F1EB6A92}.Release|iPhoneSimulator.Deploy.0 = Release|Any CPU
	EndGlobalSection
	GlobalSection(SolutionProperties) = preSolution
		HideSolutionNode = FALSE
	EndGlobalSection
	GlobalSection(ExtensibilityGlobals) = postSolution
		SolutionGuid = {302C421E-A0C3-4FF7-8AB4-80C409C8D943}
	EndGlobalSection
EndGlobal
